{
  "version": 4,
  "terraform_version": "1.3.5",
  "serial": 42,
  "lineage": "0f283b37-d4a3-0244-2333-281be60ee4b4",
  "outputs": {},
  "resources": [
    {
      "mode": "managed",
      "type": "google_sql_database_instance",
      "name": "my_db_instance",
      "provider": "provider[\"registry.terraform.io/hashicorp/google\"]",
      "instances": [
        {
          "schema_version": 0,
          "attributes": {
            "available_maintenance_versions": [],
            "clone": [],
            "connection_name": "riz-go:europe-west2:my-db-instance",
            "database_version": "POSTGRES_15",
            "deletion_protection": false,
            "dns_name": "",
            "encryption_key_name": null,
            "first_ip_address": "35.242.184.112",
            "id": "my-db-instance",
            "instance_type": "CLOUD_SQL_INSTANCE",
            "ip_address": [
              {
                "ip_address": "35.242.184.112",
                "time_to_retire": "",
                "type": "PRIMARY"
              },
              {
                "ip_address": "34.89.73.62",
                "time_to_retire": "",
                "type": "OUTGOING"
              },
              {
                "ip_address": "10.41.0.3",
                "time_to_retire": "",
                "type": "PRIVATE"
              }
            ],
            "maintenance_version": "POSTGRES_15_4.R20230830.01_01",
            "master_instance_name": "",
            "name": "my-db-instance",
            "private_ip_address": "10.41.0.3",
            "project": "riz-go",
            "psc_service_attachment_link": "",
            "public_ip_address": "35.242.184.112",
            "region": "europe-west2",
            "replica_configuration": [],
            "restore_backup_context": [],
            "root_password": null,
            "self_link": "https://sqladmin.googleapis.com/sql/v1beta4/projects/riz-go/instances/my-db-instance",
            "server_ca_cert": [
              {
                "cert": "-----BEGIN CERTIFICATE-----\nMIIDfzCCAmegAwIBAgIBADANBgkqhkiG9w0BAQsFADB3MS0wKwYDVQQuEyQzNDlj\nYmQ3OS05Zjg4LTRjMzItYWZlMC05MDdhZmQwNjAzMDExIzAhBgNVBAMTGkdvb2ds\nZSBDbG91ZCBTUUwgU2VydmVyIENBMRQwEgYDVQQKEwtHb29nbGUsIEluYzELMAkG\nA1UEBhMCVVMwHhcNMjMxMDE2MTA0MDMyWhcNMzMxMDEzMTA0MTMyWjB3MS0wKwYD\nVQQuEyQzNDljYmQ3OS05Zjg4LTRjMzItYWZlMC05MDdhZmQwNjAzMDExIzAhBgNV\nBAMTGkdvb2dsZSBDbG91ZCBTUUwgU2VydmVyIENBMRQwEgYDVQQKEwtHb29nbGUs\nIEluYzELMAkGA1UEBhMCVVMwggEiMA0GCSqGSIb3DQEBAQUAA4IBDwAwggEKAoIB\nAQCTt9IGPQ5g97Vt47bp02ZJf4Y9wunp8wbvfubSjR9bbq0fns1P6Gy6cKqX3TAD\nNY7qOeRRuCowLUyEKZnq6Xvx6cBsQZh/Ulkp6jjw70im3JvcEdsTH1ekH+Vx94el\nu0zGa4+/rdMKmk4s7zyCEQ+KyNEybZEAq3/bTjMNZiFepxFFkgfhUNrldJvoSyjf\nDRlvkBG9rhCXpBcsxDWCAEPA4b51ohlmBUPZAVpIPw2aOhHiX3LpdwyibpzcMC5a\nV5Qe5EvfxnCPjAPX9JsOGd/kRZFuCZAfKN44wKCTYJglY7gKyBhL83Jxtc7e0/jS\nzjTqXWol5feEDjlfDh1rM1MvAgMBAAGjFjAUMBIGA1UdEwEB/wQIMAYBAf8CAQAw\nDQYJKoZIhvcNAQELBQADggEBAD2a+Yre74ZQOXsBwP88vhigWGh61SYulczAIegS\nDJBrz61DrF2a7t4eiaWYfTOX+tV+MoLJgPVLlAjXER4zBPCUniuz9JHjybVXmS9z\nuhP3rSADc39Su36u1jiGmIPGOsDq53jpqz3IlaCUO4gvW/yl+DmiNfqzEUqsCPG7\npkrcIBpQCVrMa5+LhC3Omss4sXmK2SSXAppbwt7O/WCsNpHa7bBuk4DuXOgzhFGy\npM3kaG0ukjOcMM3UOPLUP329q1sVJfFErZXVC3ti1QC//aAq1BtYVMu7idvTnUna\nUtZGx1EEc37N6TLm3a2yEe8syxk2W8tVzcCkrFt1nOBH674=\n-----END CERTIFICATE-----",
                "common_name": "C=US,O=Google\\, Inc,CN=Google Cloud SQL Server CA,dnQualifier=349cbd79-9f88-4c32-afe0-907afd060301",
                "create_time": "2023-10-16T10:40:32.412Z",
                "expiration_time": "2033-10-13T10:41:32.412Z",
                "sha1_fingerprint": "cf4e7b31011565eefed91df10f426c63a3070962"
              }
            ],
            "service_account_email_address": "p365370083851-k2uorz@gcp-sa-cloud-sql.iam.gserviceaccount.com",
            "settings": [
              {
                "activation_policy": "ALWAYS",
                "active_directory_config": [],
                "advanced_machine_features": [],
                "availability_type": "ZONAL",
                "backup_configuration": [
                  {
                    "backup_retention_settings": [
                      {
                        "retained_backups": 7,
                        "retention_unit": "COUNT"
                      }
                    ],
                    "binary_log_enabled": false,
                    "enabled": false,
                    "location": "",
                    "point_in_time_recovery_enabled": false,
                    "start_time": "01:00",
                    "transaction_log_retention_days": 7
                  }
                ],
                "collation": "",
                "connector_enforcement": "NOT_REQUIRED",
                "data_cache_config": [],
                "database_flags": [],
                "deletion_protection_enabled": false,
                "deny_maintenance_period": [],
                "disk_autoresize": true,
                "disk_autoresize_limit": 0,
                "disk_size": 10,
                "disk_type": "PD_SSD",
                "edition": "",
                "insights_config": [
                  {
                    "query_insights_enabled": true,
                    "query_plans_per_minute": 5,
                    "query_string_length": 1024,
                    "record_application_tags": false,
                    "record_client_address": false
                  }
                ],
                "ip_configuration": [
                  {
                    "allocated_ip_range": "",
                    "authorized_networks": [
                      {
                        "expiration_time": "",
                        "name": "home",
                        "value": "163.116.165.65"
                      }
                    ],
                    "enable_private_path_for_google_cloud_services": false,
                    "ipv4_enabled": true,
                    "private_network": "projects/riz-go/global/networks/my-vpc",
                    "psc_config": [],
                    "require_ssl": true
                  }
                ],
                "location_preference": [
                  {
                    "follow_gae_application": "",
                    "secondary_zone": "",
                    "zone": "europe-west2-c"
                  }
                ],
                "maintenance_window": [],
                "password_validation_policy": [],
                "pricing_plan": "PER_USE",
                "sql_server_audit_config": [],
                "tier": "db-f1-micro",
                "time_zone": "",
                "user_labels": {},
                "version": 11
              }
            ],
            "timeouts": null
          },
          "sensitive_attributes": [],
          "private": "eyJlMmJmYjczMC1lY2FhLTExZTYtOGY4OC0zNDM2M2JjN2M0YzAiOnsiY3JlYXRlIjoyNDAwMDAwMDAwMDAwLCJkZWxldGUiOjE4MDAwMDAwMDAwMDAsInVwZGF0ZSI6MTgwMDAwMDAwMDAwMH19"
        }
      ]
    },
    {
      "mode": "managed",
      "type": "google_sql_user",
      "name": "ecom-user",
      "provider": "provider[\"registry.terraform.io/hashicorp/google\"]",
      "instances": [
        {
          "schema_version": 1,
          "attributes": {
            "deletion_policy": null,
            "host": "",
            "id": "admin//my-db-instance",
            "instance": "my-db-instance",
            "name": "admin",
            "password": "Welcome123",
            "password_policy": [],
            "project": "riz-go",
            "sql_server_user_details": [],
            "timeouts": null,
            "type": ""
          },
          "sensitive_attributes": [],
          "private": "eyJlMmJmYjczMC1lY2FhLTExZTYtOGY4OC0zNDM2M2JjN2M0YzAiOnsiY3JlYXRlIjo2MDAwMDAwMDAwMDAsImRlbGV0ZSI6NjAwMDAwMDAwMDAwLCJ1cGRhdGUiOjYwMDAwMDAwMDAwMH0sInNjaGVtYV92ZXJzaW9uIjoiMSJ9",
          "dependencies": [
            "google_sql_database_instance.my_db_instance"
          ]
        }
      ]
    }
  ],
  "check_results": null
}
